
Microsoft Visual Studio Solution File, Format Version 12.00
# Visual Studio 15
VisualStudioVersion = 15.0.26124.0
MinimumVisualStudioVersion = 15.0.26124.0
Project("{9A19103F-16F7-4668-BE54-9A1E7A4F7556}") = "Arrays-Strings", "src\Arrays-Strings\Arrays-Strings.csproj", "{5BD41315-C136-455C-A4DF-1AEBE5003ED2}"
EndProject
Project("{9A19103F-16F7-4668-BE54-9A1E7A4F7556}") = "Linked-Lists", "src\Linked-Lists\Linked-Lists.csproj", "{19048218-07AF-43E2-9946-39E8DC539660}"
EndProject
Global
	GlobalSection(SolutionConfigurationPlatforms) = preSolution
		Debug|Any CPU = Debug|Any CPU
		Debug|x64 = Debug|x64
		Debug|x86 = Debug|x86
		Release|Any CPU = Release|Any CPU
		Release|x64 = Release|x64
		Release|x86 = Release|x86
	EndGlobalSection
	GlobalSection(ProjectConfigurationPlatforms) = postSolution
		{5BD41315-C136-455C-A4DF-1AEBE5003ED2}.Debug|Any CPU.ActiveCfg = Debug|Any CPU
		{5BD41315-C136-455C-A4DF-1AEBE5003ED2}.Debug|Any CPU.Build.0 = Debug|Any CPU
		{5BD41315-C136-455C-A4DF-1AEBE5003ED2}.Debug|x64.ActiveCfg = Debug|Any CPU
		{5BD41315-C136-455C-A4DF-1AEBE5003ED2}.Debug|x64.Build.0 = Debug|Any CPU
		{5BD41315-C136-455C-A4DF-1AEBE5003ED2}.Debug|x86.ActiveCfg = Debug|Any CPU
		{5BD41315-C136-455C-A4DF-1AEBE5003ED2}.Debug|x86.Build.0 = Debug|Any CPU
		{5BD41315-C136-455C-A4DF-1AEBE5003ED2}.Release|Any CPU.ActiveCfg = Release|Any CPU
		{5BD41315-C136-455C-A4DF-1AEBE5003ED2}.Release|Any CPU.Build.0 = Release|Any CPU
		{5BD41315-C136-455C-A4DF-1AEBE5003ED2}.Release|x64.ActiveCfg = Release|Any CPU
		{5BD41315-C136-455C-A4DF-1AEBE5003ED2}.Release|x64.Build.0 = Release|Any CPU
		{5BD41315-C136-455C-A4DF-1AEBE5003ED2}.Release|x86.ActiveCfg = Release|Any CPU
		{5BD41315-C136-455C-A4DF-1AEBE5003ED2}.Release|x86.Build.0 = Release|Any CPU
		{19048218-07AF-43E2-9946-39E8DC539660}.Debug|Any CPU.ActiveCfg = Debug|Any CPU
		{19048218-07AF-43E2-9946-39E8DC539660}.Debug|Any CPU.Build.0 = Debug|Any CPU
		{19048218-07AF-43E2-9946-39E8DC539660}.Debug|x64.ActiveCfg = Debug|Any CPU
		{19048218-07AF-43E2-9946-39E8DC539660}.Debug|x64.Build.0 = Debug|Any CPU
		{19048218-07AF-43E2-9946-39E8DC539660}.Debug|x86.ActiveCfg = Debug|Any CPU
		{19048218-07AF-43E2-9946-39E8DC539660}.Debug|x86.Build.0 = Debug|Any CPU
		{19048218-07AF-43E2-9946-39E8DC539660}.Release|Any CPU.ActiveCfg = Release|Any CPU
		{19048218-07AF-43E2-9946-39E8DC539660}.Release|Any CPU.Build.0 = Release|Any CPU
		{19048218-07AF-43E2-9946-39E8DC539660}.Release|x64.ActiveCfg = Release|Any CPU
		{19048218-07AF-43E2-9946-39E8DC539660}.Release|x64.Build.0 = Release|Any CPU
		{19048218-07AF-43E2-9946-39E8DC539660}.Release|x86.ActiveCfg = Release|Any CPU
		{19048218-07AF-43E2-9946-39E8DC539660}.Release|x86.Build.0 = Release|Any CPU
	EndGlobalSection
	GlobalSection(SolutionProperties) = preSolution
		HideSolutionNode = FALSE
	EndGlobalSection
	GlobalSection(ExtensibilityGlobals) = postSolution
		SolutionGuid = {C28611D3-2625-46D0-9605-A1ED1B404BD1}
	EndGlobalSection
EndGlobal
